
Microsoft Visual Studio Solution File, Format Version 12.00
# Visual Studio Version 16
VisualStudioVersion = 16.0.30907.101
MinimumVisualStudioVersion = 10.0.40219.1
Project("{9A19103F-16F7-4668-BE54-9A1E7A4F7556}") = "SlnLes01HerhalingEnAanvulling", "SlnLes01HerhalingEnAanvulling\SlnLes01HerhalingEnAanvulling.csproj", "{713DC09D-2975-4DB9-9974-644C9489DEC4}"
EndProject
Project("{FAE04EC0-301F-11D3-BF4B-00C04F79EFBC}") = "ConsoleBankautomaat", "ConsoleBankautomaat\ConsoleBankautomaat.csproj", "{93BBA04F-0C83-4392-860D-0AC294B32A29}"
EndProject
Global
	GlobalSection(SolutionConfigurationPlatforms) = preSolution
		Debug|Any CPU = Debug|Any CPU
		Release|Any CPU = Release|Any CPU
	EndGlobalSection
	GlobalSection(ProjectConfigurationPlatforms) = postSolution
		{713DC09D-2975-4DB9-9974-644C9489DEC4}.Debug|Any CPU.ActiveCfg = Debug|Any CPU
		{713DC09D-2975-4DB9-9974-644C9489DEC4}.Debug|Any CPU.Build.0 = Debug|Any CPU
		{713DC09D-2975-4DB9-9974-644C9489DEC4}.Release|Any CPU.ActiveCfg = Release|Any CPU
		{713DC09D-2975-4DB9-9974-644C9489DEC4}.Release|Any CPU.Build.0 = Release|Any CPU
		{93BBA04F-0C83-4392-860D-0AC294B32A29}.Debug|Any CPU.ActiveCfg = Debug|Any CPU
		{93BBA04F-0C83-4392-860D-0AC294B32A29}.Debug|Any CPU.Build.0 = Debug|Any CPU
		{93BBA04F-0C83-4392-860D-0AC294B32A29}.Release|Any CPU.ActiveCfg = Release|Any CPU
		{93BBA04F-0C83-4392-860D-0AC294B32A29}.Release|Any CPU.Build.0 = Release|Any CPU
	EndGlobalSection
	GlobalSection(SolutionProperties) = preSolution
		HideSolutionNode = FALSE
	EndGlobalSection
	GlobalSection(ExtensibilityGlobals) = postSolution
		SolutionGuid = {521BFCC8-886C-4003-AA6D-646E7286FD86}
	EndGlobalSection
EndGlobal
