
Microsoft Visual Studio Solution File, Format Version 12.00
# Visual Studio Version 16
VisualStudioVersion = 16.0.30907.101
MinimumVisualStudioVersion = 10.0.40219.1
Project("{FAE04EC0-301F-11D3-BF4B-00C04F79EFBC}") = "ConsoleKaartspel", "ConsoleKaartspel\ConsoleKaartspel.csproj", "{031C1645-70B3-473D-B19A-6D23811EC752}"
EndProject
Global
	GlobalSection(SolutionConfigurationPlatforms) = preSolution
		Debug|Any CPU = Debug|Any CPU
		Release|Any CPU = Release|Any CPU
	EndGlobalSection
	GlobalSection(ProjectConfigurationPlatforms) = postSolution
		{031C1645-70B3-473D-B19A-6D23811EC752}.Debug|Any CPU.ActiveCfg = Debug|Any CPU
		{031C1645-70B3-473D-B19A-6D23811EC752}.Debug|Any CPU.Build.0 = Debug|Any CPU
		{031C1645-70B3-473D-B19A-6D23811EC752}.Release|Any CPU.ActiveCfg = Release|Any CPU
		{031C1645-70B3-473D-B19A-6D23811EC752}.Release|Any CPU.Build.0 = Release|Any CPU
	EndGlobalSection
	GlobalSection(SolutionProperties) = preSolution
		HideSolutionNode = FALSE
	EndGlobalSection
	GlobalSection(ExtensibilityGlobals) = postSolution
		SolutionGuid = {20B06B31-64F2-48A2-B572-803720FB95F6}
	EndGlobalSection
EndGlobal
